
Microsoft Visual Studio Solution File, Format Version 12.00
# Visual Studio Version 16
VisualStudioVersion = 16.0.33801.447
MinimumVisualStudioVersion = 10.0.40219.1
Project("{FAE04EC0-301F-11D3-BF4B-00C04F79EFBC}") = "7.Porje_Kelime_Öğren", "7.Porje_Kelime_Öğren\7.Porje_Kelime_Öğren.csproj", "{DB80FB86-B9CB-406F-8F85-4728720F1937}"
EndProject
Global
	GlobalSection(SolutionConfigurationPlatforms) = preSolution
		Debug|Any CPU = Debug|Any CPU
		Release|Any CPU = Release|Any CPU
	EndGlobalSection
	GlobalSection(ProjectConfigurationPlatforms) = postSolution
		{DB80FB86-B9CB-406F-8F85-4728720F1937}.Debug|Any CPU.ActiveCfg = Debug|Any CPU
		{DB80FB86-B9CB-406F-8F85-4728720F1937}.Debug|Any CPU.Build.0 = Debug|Any CPU
		{DB80FB86-B9CB-406F-8F85-4728720F1937}.Release|Any CPU.ActiveCfg = Release|Any CPU
		{DB80FB86-B9CB-406F-8F85-4728720F1937}.Release|Any CPU.Build.0 = Release|Any CPU
	EndGlobalSection
	GlobalSection(SolutionProperties) = preSolution
		HideSolutionNode = FALSE
	EndGlobalSection
	GlobalSection(ExtensibilityGlobals) = postSolution
		SolutionGuid = {4B766B20-4723-4661-8534-E082D7E5A4A1}
	EndGlobalSection
EndGlobal
